
Microsoft Visual Studio Solution File, Format Version 12.00
# Visual Studio Version 17
VisualStudioVersion = 17.1.32414.318
MinimumVisualStudioVersion = 10.0.40219.1
Project("{FAE04EC0-301F-11D3-BF4B-00C04F79EFBC}") = "PRACTICA", "PRACTICA\PRACTICA.csproj", "{BE21977B-A773-43E1-A382-2239654FE077}"
EndProject
Global
	GlobalSection(SolutionConfigurationPlatforms) = preSolution
		Debug|Any CPU = Debug|Any CPU
		Release|Any CPU = Release|Any CPU
	EndGlobalSection
	GlobalSection(ProjectConfigurationPlatforms) = postSolution
		{BE21977B-A773-43E1-A382-2239654FE077}.Debug|Any CPU.ActiveCfg = Debug|Any CPU
		{BE21977B-A773-43E1-A382-2239654FE077}.Debug|Any CPU.Build.0 = Debug|Any CPU
		{BE21977B-A773-43E1-A382-2239654FE077}.Release|Any CPU.ActiveCfg = Release|Any CPU
		{BE21977B-A773-43E1-A382-2239654FE077}.Release|Any CPU.Build.0 = Release|Any CPU
	EndGlobalSection
	GlobalSection(SolutionProperties) = preSolution
		HideSolutionNode = FALSE
	EndGlobalSection
	GlobalSection(ExtensibilityGlobals) = postSolution
		SolutionGuid = {6CA4769C-DD38-4BED-A363-CD3A4630AA45}
	EndGlobalSection
EndGlobal
